
Microsoft Visual Studio Solution File, Format Version 12.00
# Visual Studio Version 17
VisualStudioVersion = 17.4.33205.214
MinimumVisualStudioVersion = 10.0.40219.1
Project("{8BC9CEB8-8B4A-11D0-8D11-00A0C91BC942}") = "2023_1_23", "2023_1_23.vcxproj", "{A6467EB7-2755-4B1D-8E6E-D07B6ACF2F8F}"
EndProject
Global
	GlobalSection(SolutionConfigurationPlatforms) = preSolution
		Debug|x64 = Debug|x64
		Debug|x86 = Debug|x86
		Release|x64 = Release|x64
		Release|x86 = Release|x86
	EndGlobalSection
	GlobalSection(ProjectConfigurationPlatforms) = postSolution
		{A6467EB7-2755-4B1D-8E6E-D07B6ACF2F8F}.Debug|x64.ActiveCfg = Debug|x64
		{A6467EB7-2755-4B1D-8E6E-D07B6ACF2F8F}.Debug|x64.Build.0 = Debug|x64
		{A6467EB7-2755-4B1D-8E6E-D07B6ACF2F8F}.Debug|x86.ActiveCfg = Debug|Win32
		{A6467EB7-2755-4B1D-8E6E-D07B6ACF2F8F}.Debug|x86.Build.0 = Debug|Win32
		{A6467EB7-2755-4B1D-8E6E-D07B6ACF2F8F}.Release|x64.ActiveCfg = Release|x64
		{A6467EB7-2755-4B1D-8E6E-D07B6ACF2F8F}.Release|x64.Build.0 = Release|x64
		{A6467EB7-2755-4B1D-8E6E-D07B6ACF2F8F}.Release|x86.ActiveCfg = Release|Win32
		{A6467EB7-2755-4B1D-8E6E-D07B6ACF2F8F}.Release|x86.Build.0 = Release|Win32
	EndGlobalSection
	GlobalSection(SolutionProperties) = preSolution
		HideSolutionNode = FALSE
	EndGlobalSection
	GlobalSection(ExtensibilityGlobals) = postSolution
		SolutionGuid = {23E0DC00-60B7-43A8-9BB8-7FEF187EE6D9}
	EndGlobalSection
EndGlobal
